{
    "name": "users_product_web_app",
    "version": "1.0.0",
    "lockfileVersion": 3,
    "requires": true,
    "packages": {
        "": {
            "name": "users_product_web_app",
            "version": "1.0.0",
            "license": "ISC",
            "dependencies": {
                "@zoho/lyte": "3.1.0",
                "@zoho/lyte-dom": "2.0.10",
                "@zoho/lyte-ui-component": "3.88.0"
            },
            "devDependencies": {}
        },
        "node_modules/@zoho/lyte": {
            "version": "3.1.0",
            "resolved": "http://cm-npmregistry/@zoho%2flyte/-/lyte-3.1.0.tgz",
            "integrity": "sha512-CHBuhzVxwdoW4r8SH0I3UkAmBsdpxzmSw7Fhwsr4/SOPXvZ+IDmCl5T5MulGnA0XUbtmWtSEz3A+OsPcPD22oQ==",
            "license": "ISC"
        },
        "node_modules/@zoho/lyte-dom": {
            "version": "2.0.10",
            "resolved": "http://cm-npmregistry/@zoho%2flyte-dom/-/lyte-dom-2.0.10.tgz",
            "integrity": "sha512-bL5omald5wzyoyggfgRgZvdXYBeJVH7SO1Xzy0Hk4ZOWhnDWdulwYX7xzASNZ3+1dl5zv/XLHtthGnSPMun7/g==",
            "license": "ISC"
        },
        "node_modules/@zoho/lyte-ui-component": {
            "version": "3.88.0",
            "resolved": "http://cm-npmregistry/@zoho%2flyte-ui-component/-/lyte-ui-component-3.88.0.tgz",
            "integrity": "sha512-hXRoNWJ35OEl+QVHKdD56zT4VffCMa1LuwC3wozv80AlaZeZcxBnUYZkMhMJ2Xlq3/bXEhEbu0VZPwgZXc0qBw==",
            "hasInstallScript": true,
            "dependencies": {
                "semver": "7.3.8"
            }
        },
        "node_modules/lru-cache": {
            "version": "6.0.0",
            "resolved": "http://cm-npmregistry/lru-cache/-/lru-cache-6.0.0.tgz",
            "integrity": "sha512-Jo6dJ04CmSjuznwJSS3pUeWmd/H0ffTlkXXgwZi+eq1UCmqQwCh+eLsYOYCwY991i2Fah4h1BEMCx4qThGbsiA==",
            "license": "ISC",
            "dependencies": {
                "yallist": "^4.0.0"
            },
            "engines": {
                "node": ">=10"
            }
        },
        "node_modules/semver": {
            "version": "7.3.8",
            "resolved": "http://cm-npmregistry/semver/-/semver-7.3.8.tgz",
            "integrity": "sha512-NB1ctGL5rlHrPJtFDVIVzTyQylMLu9N9VICA6HSFJo8MCGVTMW6gfpicwKmmK/dAjTOrqu5l63JJOpDSrAis3A==",
            "license": "ISC",
            "dependencies": {
                "lru-cache": "^6.0.0"
            },
            "bin": {
                "semver": "bin/semver.js"
            },
            "engines": {
                "node": ">=10"
            }
        },
        "node_modules/yallist": {
            "version": "4.0.0",
            "resolved": "http://cm-npmregistry/yallist/-/yallist-4.0.0.tgz",
            "integrity": "sha512-3wdGidZyq5PB084XLES5TpOSRA3wjXAlIWMhum2kRcv/41Sn2emQ0dycQW4uZXLejwKvg6EsvbdlVL+FYEct7A==",
            "license": "ISC"
        }
    }
}
